
Microsoft Visual Studio Solution File, Format Version 12.00
# Visual Studio Version 17
VisualStudioVersion = 17.5.33530.505
MinimumVisualStudioVersion = 10.0.40219.1
Project("{9A19103F-16F7-4668-BE54-9A1E7A4F7556}") = "TodoApi", "TodoApi.csproj", "{DFD012ED-D642-4A0A-A7FC-D74BBD1FB520}"
EndProject
Global
	GlobalSection(SolutionConfigurationPlatforms) = preSolution
		Debug|Any CPU = Debug|Any CPU
		Release|Any CPU = Release|Any CPU
	EndGlobalSection
	GlobalSection(ProjectConfigurationPlatforms) = postSolution
		{DFD012ED-D642-4A0A-A7FC-D74BBD1FB520}.Debug|Any CPU.ActiveCfg = Debug|Any CPU
		{DFD012ED-D642-4A0A-A7FC-D74BBD1FB520}.Debug|Any CPU.Build.0 = Debug|Any CPU
		{DFD012ED-D642-4A0A-A7FC-D74BBD1FB520}.Release|Any CPU.ActiveCfg = Release|Any CPU
		{DFD012ED-D642-4A0A-A7FC-D74BBD1FB520}.Release|Any CPU.Build.0 = Release|Any CPU
	EndGlobalSection
	GlobalSection(SolutionProperties) = preSolution
		HideSolutionNode = FALSE
	EndGlobalSection
	GlobalSection(ExtensibilityGlobals) = postSolution
		SolutionGuid = {0AA806F9-8DE2-4CDA-85DC-0DE42FE224AD}
	EndGlobalSection
EndGlobal
